{
    "version": 3,
    "terraform_version": "0.9.11",
    "serial": 3,
    "lineage": "6a11d06b-fde7-4480-a01e-9c3ba2386600",
    "modules": [
        {
            "path": [
                "root"
            ],
            "outputs": {
                "address": {
                    "sensitive": false,
                    "type": "string",
                    "value": "elb-web-example-1265218181.us-east-2.elb.amazonaws.com"
                }
            },
            "resources": {
                "aws_autoscaling_group.web-asg": {
                    "type": "aws_autoscaling_group",
                    "depends_on": [
                        "aws_elb.web-elb",
                        "aws_launch_configuration.web-lc",
                        "aws_subnet.subnet.*"
                    ],
                    "primary": {
                        "id": "asg-web-example",
                        "attributes": {
                            "arn": "arn:aws:autoscaling:us-east-2:315311531132:autoScalingGroup:ea05fe3c-3897-48b5-95d8-adcc0afd4a03:autoScalingGroupName/asg-web-example",
                            "availability_zones.#": "2",
                            "availability_zones.1726430690": "us-east-2b",
                            "availability_zones.4293815384": "us-east-2a",
                            "default_cooldown": "300",
                            "desired_capacity": "1",
                            "force_delete": "true",
                            "health_check_grace_period": "300",
                            "health_check_type": "EC2",
                            "id": "asg-web-example",
                            "launch_configuration": "lc-web-example-00001fab15c91aabfcd0da1b5e",
                            "load_balancers.#": "1",
                            "load_balancers.3955376520": "elb-web-example",
                            "max_size": "2",
                            "metrics_granularity": "1Minute",
                            "min_size": "1",
                            "name": "asg-web-example",
                            "placement_group": "",
                            "protect_from_scale_in": "false",
                            "suspended_processes.#": "0",
                            "tag.#": "2",
                            "tag.4077490533.key": "Name",
                            "tag.4077490533.propagate_at_launch": "true",
                            "tag.4077490533.value": "web-example",
                            "tag.4269747279.key": "Environment",
                            "tag.4269747279.propagate_at_launch": "true",
                            "tag.4269747279.value": "example",
                            "target_group_arns.#": "0",
                            "termination_policies.#": "0",
                            "vpc_zone_identifier.#": "2",
                            "vpc_zone_identifier.2257794322": "subnet-df6928b6",
                            "vpc_zone_identifier.3204521664": "subnet-00b33f7b",
                            "wait_for_capacity_timeout": "10m"
                        },
                        "meta": {},
                        "tainted": false
                    },
                    "deposed": [],
                    "provider": ""
                },
                "aws_elb.web-elb": {
                    "type": "aws_elb",
                    "depends_on": [
                        "aws_security_group.elb-sg",
                        "aws_subnet.subnet.*"
                    ],
                    "primary": {
                        "id": "elb-web-example",
                        "attributes": {
                            "access_logs.#": "0",
                            "availability_zones.#": "2",
                            "availability_zones.1726430690": "us-east-2b",
                            "availability_zones.4293815384": "us-east-2a",
                            "connection_draining": "true",
                            "connection_draining_timeout": "400",
                            "cross_zone_load_balancing": "true",
                            "dns_name": "elb-web-example-1265218181.us-east-2.elb.amazonaws.com",
                            "health_check.#": "1",
                            "health_check.0.healthy_threshold": "2",
                            "health_check.0.interval": "30",
                            "health_check.0.target": "TCP:80",
                            "health_check.0.timeout": "3",
                            "health_check.0.unhealthy_threshold": "2",
                            "id": "elb-web-example",
                            "idle_timeout": "400",
                            "instances.#": "0",
                            "internal": "false",
                            "listener.#": "1",
                            "listener.3057123346.instance_port": "80",
                            "listener.3057123346.instance_protocol": "http",
                            "listener.3057123346.lb_port": "80",
                            "listener.3057123346.lb_protocol": "http",
                            "listener.3057123346.ssl_certificate_id": "",
                            "name": "elb-web-example",
                            "security_groups.#": "1",
                            "security_groups.3462479574": "sg-38180d51",
                            "source_security_group": "315311531132/sg_elb_example",
                            "source_security_group_id": "sg-38180d51",
                            "subnets.#": "2",
                            "subnets.2257794322": "subnet-df6928b6",
                            "subnets.3204521664": "subnet-00b33f7b",
                            "tags.%": "1",
                            "tags.Name": "elb-web-example",
                            "zone_id": "Z3AADJGX6KTTL2"
                        },
                        "meta": {},
                        "tainted": false
                    },
                    "deposed": [],
                    "provider": ""
                },
                "aws_internet_gateway.igw": {
                    "type": "aws_internet_gateway",
                    "depends_on": [
                        "aws_vpc.main"
                    ],
                    "primary": {
                        "id": "igw-243cb54d",
                        "attributes": {
                            "id": "igw-243cb54d",
                            "tags.%": "2",
                            "tags.CreatedBy": "Terraform",
                            "tags.Name": "igw-WEB-VPC",
                            "vpc_id": "vpc-78017211"
                        },
                        "meta": {},
                        "tainted": false
                    },
                    "deposed": [],
                    "provider": ""
                },
                "aws_launch_configuration.web-lc": {
                    "type": "aws_launch_configuration",
                    "depends_on": [
                        "aws_security_group.default",
                        "data.template_file.bootstrap"
                    ],
                    "primary": {
                        "id": "lc-web-example-00001fab15c91aabfcd0da1b5e",
                        "attributes": {
                            "associate_public_ip_address": "false",
                            "ebs_block_device.#": "0",
                            "ebs_optimized": "false",
                            "enable_monitoring": "true",
                            "ephemeral_block_device.#": "0",
                            "iam_instance_profile": "",
                            "id": "lc-web-example-00001fab15c91aabfcd0da1b5e",
                            "image_id": "ami-8b92b4ee",
                            "instance_type": "t2.micro",
                            "key_name": "ExamKey",
                            "name": "lc-web-example-00001fab15c91aabfcd0da1b5e",
                            "name_prefix": "lc-web-example-",
                            "root_block_device.#": "0",
                            "security_groups.#": "1",
                            "security_groups.2596801589": "sg-661e0b0f",
                            "spot_price": "",
                            "user_data": "30745cd2ea4bf43ca99df1661fefc6e2ddc7fe7f",
                            "vpc_classic_link_id": "",
                            "vpc_classic_link_security_groups.#": "0"
                        },
                        "meta": {},
                        "tainted": false
                    },
                    "deposed": [],
                    "provider": ""
                },
                "aws_route.r": {
                    "type": "aws_route",
                    "depends_on": [
                        "aws_internet_gateway.igw",
                        "aws_vpc.main"
                    ],
                    "primary": {
                        "id": "r-rtb-aa3a77c31080289494",
                        "attributes": {
                            "destination_cidr_block": "0.0.0.0/0",
                            "destination_prefix_list_id": "",
                            "egress_only_gateway_id": "",
                            "gateway_id": "igw-243cb54d",
                            "id": "r-rtb-aa3a77c31080289494",
                            "instance_id": "",
                            "instance_owner_id": "",
                            "nat_gateway_id": "",
                            "network_interface_id": "",
                            "origin": "CreateRoute",
                            "route_table_id": "rtb-aa3a77c3",
                            "state": "active",
                            "vpc_peering_connection_id": ""
                        },
                        "meta": {},
                        "tainted": false
                    },
                    "deposed": [],
                    "provider": ""
                },
                "aws_security_group.default": {
                    "type": "aws_security_group",
                    "depends_on": [
                        "aws_vpc.main"
                    ],
                    "primary": {
                        "id": "sg-661e0b0f",
                        "attributes": {
                            "description": "Managed by Terraform",
                            "egress.#": "1",
                            "egress.482069346.cidr_blocks.#": "1",
                            "egress.482069346.cidr_blocks.0": "0.0.0.0/0",
                            "egress.482069346.from_port": "0",
                            "egress.482069346.ipv6_cidr_blocks.#": "0",
                            "egress.482069346.prefix_list_ids.#": "0",
                            "egress.482069346.protocol": "-1",
                            "egress.482069346.security_groups.#": "0",
                            "egress.482069346.self": "false",
                            "egress.482069346.to_port": "0",
                            "id": "sg-661e0b0f",
                            "ingress.#": "1",
                            "ingress.2541437006.cidr_blocks.#": "1",
                            "ingress.2541437006.cidr_blocks.0": "0.0.0.0/0",
                            "ingress.2541437006.from_port": "22",
                            "ingress.2541437006.ipv6_cidr_blocks.#": "0",
                            "ingress.2541437006.protocol": "tcp",
                            "ingress.2541437006.security_groups.#": "0",
                            "ingress.2541437006.self": "false",
                            "ingress.2541437006.to_port": "22",
                            "name": "sg_web_example",
                            "owner_id": "315311531132",
                            "tags.%": "1",
                            "tags.Name": "sg-ec2-web-example",
                            "vpc_id": "vpc-78017211"
                        },
                        "meta": {},
                        "tainted": false
                    },
                    "deposed": [],
                    "provider": ""
                },
                "aws_security_group.elb-sg": {
                    "type": "aws_security_group",
                    "depends_on": [
                        "aws_vpc.main"
                    ],
                    "primary": {
                        "id": "sg-38180d51",
                        "attributes": {
                            "description": "Managed by Terraform",
                            "egress.#": "1",
                            "egress.482069346.cidr_blocks.#": "1",
                            "egress.482069346.cidr_blocks.0": "0.0.0.0/0",
                            "egress.482069346.from_port": "0",
                            "egress.482069346.ipv6_cidr_blocks.#": "0",
                            "egress.482069346.prefix_list_ids.#": "0",
                            "egress.482069346.protocol": "-1",
                            "egress.482069346.security_groups.#": "0",
                            "egress.482069346.self": "false",
                            "egress.482069346.to_port": "0",
                            "id": "sg-38180d51",
                            "ingress.#": "1",
                            "ingress.2214680975.cidr_blocks.#": "1",
                            "ingress.2214680975.cidr_blocks.0": "0.0.0.0/0",
                            "ingress.2214680975.from_port": "80",
                            "ingress.2214680975.ipv6_cidr_blocks.#": "0",
                            "ingress.2214680975.protocol": "tcp",
                            "ingress.2214680975.security_groups.#": "0",
                            "ingress.2214680975.self": "false",
                            "ingress.2214680975.to_port": "80",
                            "name": "sg_elb_example",
                            "owner_id": "315311531132",
                            "tags.%": "1",
                            "tags.Name": "sg-elb-example",
                            "vpc_id": "vpc-78017211"
                        },
                        "meta": {},
                        "tainted": false
                    },
                    "deposed": [],
                    "provider": ""
                },
                "aws_subnet.subnet.0": {
                    "type": "aws_subnet",
                    "depends_on": [
                        "aws_vpc.main"
                    ],
                    "primary": {
                        "id": "subnet-df6928b6",
                        "attributes": {
                            "assign_ipv6_address_on_creation": "false",
                            "availability_zone": "us-east-2a",
                            "cidr_block": "10.0.0.0/17",
                            "id": "subnet-df6928b6",
                            "map_public_ip_on_launch": "true",
                            "tags.%": "1",
                            "tags.Name": "us-east-2a",
                            "vpc_id": "vpc-78017211"
                        },
                        "meta": {
                            "schema_version": "1"
                        },
                        "tainted": false
                    },
                    "deposed": [],
                    "provider": ""
                },
                "aws_subnet.subnet.1": {
                    "type": "aws_subnet",
                    "depends_on": [
                        "aws_vpc.main"
                    ],
                    "primary": {
                        "id": "subnet-00b33f7b",
                        "attributes": {
                            "assign_ipv6_address_on_creation": "false",
                            "availability_zone": "us-east-2b",
                            "cidr_block": "10.0.128.0/17",
                            "id": "subnet-00b33f7b",
                            "map_public_ip_on_launch": "true",
                            "tags.%": "1",
                            "tags.Name": "us-east-2b",
                            "vpc_id": "vpc-78017211"
                        },
                        "meta": {
                            "schema_version": "1"
                        },
                        "tainted": false
                    },
                    "deposed": [],
                    "provider": ""
                },
                "aws_vpc.main": {
                    "type": "aws_vpc",
                    "depends_on": [],
                    "primary": {
                        "id": "vpc-78017211",
                        "attributes": {
                            "assign_generated_ipv6_cidr_block": "false",
                            "cidr_block": "10.0.0.0/16",
                            "default_network_acl_id": "acl-fdf6b294",
                            "default_route_table_id": "rtb-aa3a77c3",
                            "default_security_group_id": "sg-bc1e0bd5",
                            "dhcp_options_id": "dopt-1fdd3376",
                            "enable_dns_hostnames": "false",
                            "enable_dns_support": "true",
                            "id": "vpc-78017211",
                            "instance_tenancy": "default",
                            "main_route_table_id": "rtb-aa3a77c3",
                            "tags.%": "2",
                            "tags.CreatedBy": "Terraform",
                            "tags.Name": "WEB-VPC"
                        },
                        "meta": {
                            "schema_version": "1"
                        },
                        "tainted": false
                    },
                    "deposed": [],
                    "provider": ""
                },
                "data.template_file.bootstrap": {
                    "type": "template_file",
                    "depends_on": [],
                    "primary": {
                        "id": "ef07427e394db2ec6324c5cd64c557616fd7cfe740449a469b98a83b6fa89f2f",
                        "attributes": {
                            "id": "ef07427e394db2ec6324c5cd64c557616fd7cfe740449a469b98a83b6fa89f2f",
                            "rendered": "#!/bin/bash\n#\n# Simple shell script to install Nginx\n#\nset -x\n\n# Variables\nLOGFILE=/var/log/user-data.log\n\n# Make sure we have a log for the bootstrap process\ntest -d $LOGDIR || mkdir -p $LOGDIR\nexec \u003e \u003e(tee -a $LOGFILE)\nexec 2\u003e\u00261\n\napt-get update \u0026\u0026 apt-get install -y apache*\n",
                            "template": "#!/bin/bash\n#\n# Simple shell script to install Nginx\n#\nset -x\n\n# Variables\nLOGFILE=/var/log/user-data.log\n\n# Make sure we have a log for the bootstrap process\ntest -d $LOGDIR || mkdir -p $LOGDIR\nexec \u003e \u003e(tee -a $LOGFILE)\nexec 2\u003e\u00261\n\napt-get update \u0026\u0026 apt-get install -y apache*\n",
                            "vars.%": "3",
                            "vars.cluster_name": "web-example",
                            "vars.environment": "example",
                            "vars.roles": "web"
                        },
                        "meta": {},
                        "tainted": false
                    },
                    "deposed": [],
                    "provider": ""
                }
            },
            "depends_on": []
        }
    ]
}
