{
    "version": 3,
    "terraform_version": "0.9.11",
    "serial": 0,
    "lineage": "be7fb3ef-bdfd-47de-9a43-ec254403f92c",
    "modules": [
        {
            "path": [
                "root"
            ],
            "outputs": {},
            "resources": {
                "aws_internet_gateway.igw": {
                    "type": "aws_internet_gateway",
                    "depends_on": [
                        "aws_vpc.main",
                        "random_id.unique-id"
                    ],
                    "primary": {
                        "id": "igw-0ecf9ddfe1a9c0684",
                        "attributes": {
                            "id": "igw-0ecf9ddfe1a9c0684",
                            "tags.%": "2",
                            "tags.CreatedBy": "Terraform",
                            "tags.Name": "igw-WEB-VPC-haimcohen-4f904239",
                            "vpc_id": "vpc-0a8f5077af7a233ad"
                        },
                        "meta": {},
                        "tainted": false
                    },
                    "deposed": [],
                    "provider": ""
                },
                "aws_launch_configuration.web-lc": {
                    "type": "aws_launch_configuration",
                    "depends_on": [
                        "aws_security_group.default",
                        "data.template_file.bootstrap",
                        "random_id.unique-id"
                    ],
                    "primary": {
                        "id": "lc-web-example-haimcohen-4f904239-009f723294442118ddb16a01a4",
                        "attributes": {
                            "associate_public_ip_address": "false",
                            "ebs_block_device.#": "0",
                            "ebs_optimized": "false",
                            "enable_monitoring": "true",
                            "ephemeral_block_device.#": "0",
                            "iam_instance_profile": "",
                            "id": "lc-web-example-haimcohen-4f904239-009f723294442118ddb16a01a4",
                            "image_id": "ami-0decfcfaebf6c20d2",
                            "instance_type": "t2.micro",
                            "key_name": "ExamKey",
                            "name": "lc-web-example-haimcohen-4f904239-009f723294442118ddb16a01a4",
                            "name_prefix": "lc-web-example-haimcohen-4f904239-",
                            "root_block_device.#": "0",
                            "security_groups.#": "1",
                            "security_groups.81983340": "sg-077b8e370b92a5670",
                            "spot_price": "",
                            "user_data": "30745cd2ea4bf43ca99df1661fefc6e2ddc7fe7f",
                            "vpc_classic_link_id": "",
                            "vpc_classic_link_security_groups.#": "0"
                        },
                        "meta": {},
                        "tainted": false
                    },
                    "deposed": [],
                    "provider": ""
                },
                "aws_route.r": {
                    "type": "aws_route",
                    "depends_on": [
                        "aws_internet_gateway.igw",
                        "aws_vpc.main"
                    ],
                    "primary": {
                        "id": "r-rtb-036d10afff43f6f7f1080289494",
                        "attributes": {
                            "destination_cidr_block": "0.0.0.0/0",
                            "destination_prefix_list_id": "",
                            "egress_only_gateway_id": "",
                            "gateway_id": "igw-0ecf9ddfe1a9c0684",
                            "id": "r-rtb-036d10afff43f6f7f1080289494",
                            "instance_id": "",
                            "instance_owner_id": "",
                            "nat_gateway_id": "",
                            "network_interface_id": "",
                            "origin": "CreateRoute",
                            "route_table_id": "rtb-036d10afff43f6f7f",
                            "state": "active",
                            "vpc_peering_connection_id": ""
                        },
                        "meta": {},
                        "tainted": false
                    },
                    "deposed": [],
                    "provider": ""
                },
                "aws_security_group.default": {
                    "type": "aws_security_group",
                    "depends_on": [
                        "aws_vpc.main",
                        "random_id.unique-id"
                    ],
                    "primary": {
                        "id": "sg-077b8e370b92a5670",
                        "attributes": {
                            "description": "Managed by Terraform",
                            "egress.#": "1",
                            "egress.482069346.cidr_blocks.#": "1",
                            "egress.482069346.cidr_blocks.0": "0.0.0.0/0",
                            "egress.482069346.from_port": "0",
                            "egress.482069346.ipv6_cidr_blocks.#": "0",
                            "egress.482069346.prefix_list_ids.#": "0",
                            "egress.482069346.protocol": "-1",
                            "egress.482069346.security_groups.#": "0",
                            "egress.482069346.self": "false",
                            "egress.482069346.to_port": "0",
                            "id": "sg-077b8e370b92a5670",
                            "ingress.#": "1",
                            "ingress.2541437006.cidr_blocks.#": "1",
                            "ingress.2541437006.cidr_blocks.0": "0.0.0.0/0",
                            "ingress.2541437006.from_port": "22",
                            "ingress.2541437006.ipv6_cidr_blocks.#": "0",
                            "ingress.2541437006.protocol": "tcp",
                            "ingress.2541437006.security_groups.#": "0",
                            "ingress.2541437006.self": "false",
                            "ingress.2541437006.to_port": "22",
                            "name": "sg_web_example-haimcohen-4f904239",
                            "owner_id": "315311531132",
                            "tags.%": "1",
                            "tags.Name": "sg-ec2-web-example-haimcohen-4f904239",
                            "vpc_id": "vpc-0a8f5077af7a233ad"
                        },
                        "meta": {},
                        "tainted": false
                    },
                    "deposed": [],
                    "provider": ""
                },
                "aws_security_group.elb-sg": {
                    "type": "aws_security_group",
                    "depends_on": [
                        "aws_vpc.main",
                        "random_id.unique-id"
                    ],
                    "primary": {
                        "id": "sg-039b34ced3d8c7643",
                        "attributes": {
                            "description": "Managed by Terraform",
                            "egress.#": "1",
                            "egress.482069346.cidr_blocks.#": "1",
                            "egress.482069346.cidr_blocks.0": "0.0.0.0/0",
                            "egress.482069346.from_port": "0",
                            "egress.482069346.ipv6_cidr_blocks.#": "0",
                            "egress.482069346.prefix_list_ids.#": "0",
                            "egress.482069346.protocol": "-1",
                            "egress.482069346.security_groups.#": "0",
                            "egress.482069346.self": "false",
                            "egress.482069346.to_port": "0",
                            "id": "sg-039b34ced3d8c7643",
                            "ingress.#": "1",
                            "ingress.2214680975.cidr_blocks.#": "1",
                            "ingress.2214680975.cidr_blocks.0": "0.0.0.0/0",
                            "ingress.2214680975.from_port": "80",
                            "ingress.2214680975.ipv6_cidr_blocks.#": "0",
                            "ingress.2214680975.protocol": "tcp",
                            "ingress.2214680975.security_groups.#": "0",
                            "ingress.2214680975.self": "false",
                            "ingress.2214680975.to_port": "80",
                            "name": "sg_elb_example-haimcohen-4f904239",
                            "owner_id": "315311531132",
                            "tags.%": "1",
                            "tags.Name": "sg-elb-example-haimcohen-4f904239",
                            "vpc_id": "vpc-0a8f5077af7a233ad"
                        },
                        "meta": {},
                        "tainted": false
                    },
                    "deposed": [],
                    "provider": ""
                },
                "aws_vpc.main": {
                    "type": "aws_vpc",
                    "depends_on": [
                        "random_id.unique-id"
                    ],
                    "primary": {
                        "id": "vpc-0a8f5077af7a233ad",
                        "attributes": {
                            "assign_generated_ipv6_cidr_block": "false",
                            "cidr_block": "10.0.0.0/16",
                            "default_network_acl_id": "acl-062378feed8f0f962",
                            "default_route_table_id": "rtb-036d10afff43f6f7f",
                            "default_security_group_id": "sg-01781cb2231173fe3",
                            "dhcp_options_id": "dopt-6d709208",
                            "enable_classiclink": "false",
                            "enable_dns_hostnames": "false",
                            "enable_dns_support": "true",
                            "id": "vpc-0a8f5077af7a233ad",
                            "instance_tenancy": "default",
                            "main_route_table_id": "rtb-036d10afff43f6f7f",
                            "tags.%": "2",
                            "tags.CreatedBy": "Terraform",
                            "tags.Name": "WEB-VPC-haimcohen-4f904239"
                        },
                        "meta": {
                            "schema_version": "1"
                        },
                        "tainted": false
                    },
                    "deposed": [],
                    "provider": ""
                },
                "data.template_file.bootstrap": {
                    "type": "template_file",
                    "depends_on": [
                        "random_id.unique-id"
                    ],
                    "primary": {
                        "id": "ef07427e394db2ec6324c5cd64c557616fd7cfe740449a469b98a83b6fa89f2f",
                        "attributes": {
                            "id": "ef07427e394db2ec6324c5cd64c557616fd7cfe740449a469b98a83b6fa89f2f",
                            "rendered": "#!/bin/bash\n#\n# Simple shell script to install Nginx\n#\nset -x\n\n# Variables\nLOGFILE=/var/log/user-data.log\n\n# Make sure we have a log for the bootstrap process\ntest -d $LOGDIR || mkdir -p $LOGDIR\nexec \u003e \u003e(tee -a $LOGFILE)\nexec 2\u003e\u00261\n\napt-get update \u0026\u0026 apt-get install -y apache*\n",
                            "template": "#!/bin/bash\n#\n# Simple shell script to install Nginx\n#\nset -x\n\n# Variables\nLOGFILE=/var/log/user-data.log\n\n# Make sure we have a log for the bootstrap process\ntest -d $LOGDIR || mkdir -p $LOGDIR\nexec \u003e \u003e(tee -a $LOGFILE)\nexec 2\u003e\u00261\n\napt-get update \u0026\u0026 apt-get install -y apache*\n",
                            "vars.%": "3",
                            "vars.cluster_name": "web-example-haimcohen-4f904239",
                            "vars.environment": "example",
                            "vars.roles": "web"
                        },
                        "meta": {},
                        "tainted": false
                    },
                    "deposed": [],
                    "provider": ""
                },
                "random_id.unique-id": {
                    "type": "random_id",
                    "depends_on": [],
                    "primary": {
                        "id": "T5BCOQ",
                        "attributes": {
                            "b64": "T5BCOQ",
                            "b64_std": "T5BCOQ==",
                            "b64_url": "T5BCOQ",
                            "byte_length": "4",
                            "dec": "1334854201",
                            "hex": "4f904239",
                            "id": "T5BCOQ"
                        },
                        "meta": {},
                        "tainted": false
                    },
                    "deposed": [],
                    "provider": ""
                }
            },
            "depends_on": []
        }
    ]
}
